// !$*UTF8*$!
{
	archiveVersion = 1;
	classes = {
	};
	objectVersion = 56;
	objects = {

/* Begin PBXBuildFile section */
		0E22B7872ACF77CC00618E9B /* BluetoothTestApp.swift in Sources */ = {isa = PBXBuildFile; fileRef = 0E22B7862ACF77CC00618E9B /* BluetoothTestApp.swift */; };
		0E22B7892ACF77CC00618E9B /* ContentView.swift in Sources */ = {isa = PBXBuildFile; fileRef = 0E22B7882ACF77CC00618E9B /* ContentView.swift */; };
		0E22B78B2ACF77CD00618E9B /* Assets.xcassets in Resources */ = {isa = PBXBuildFile; fileRef = 0E22B78A2ACF77CD00618E9B /* Assets.xcassets */; };
		0E22B78E2ACF77CD00618E9B /* Preview Assets.xcassets in Resources */ = {isa = PBXBuildFile; fileRef = 0E22B78D2ACF77CD00618E9B /* Preview Assets.xcassets */; };
		0E22B7972ACF79DD00618E9B /* MainView.swift in Sources */ = {isa = PBXBuildFile; fileRef = 0E22B7962ACF79DD00618E9B /* MainView.swift */; };
		0E22B7992ACF7A1300618E9B /* MainViewModel.swift in Sources */ = {isa = PBXBuildFile; fileRef = 0E22B7982ACF7A1300618E9B /* MainViewModel.swift */; };
		0E22B79C2ACF7A4F00618E9B /* DevicesView.swift in Sources */ = {isa = PBXBuildFile; fileRef = 0E22B79B2ACF7A4F00618E9B /* DevicesView.swift */; };
		0E22B79E2ACF7A6F00618E9B /* DevicesViewModel.swift in Sources */ = {isa = PBXBuildFile; fileRef = 0E22B79D2ACF7A6F00618E9B /* DevicesViewModel.swift */; };
		0E22B7A12ACF7AB000618E9B /* DeviceView.swift in Sources */ = {isa = PBXBuildFile; fileRef = 0E22B7A02ACF7AB000618E9B /* DeviceView.swift */; };
		0E22B7A32ACF7AD100618E9B /* DeviceViewModel.swift in Sources */ = {isa = PBXBuildFile; fileRef = 0E22B7A22ACF7AD100618E9B /* DeviceViewModel.swift */; };
		0E22B7A62ACF7B0800618E9B /* BluetoothManager.swift in Sources */ = {isa = PBXBuildFile; fileRef = 0E22B7A52ACF7B0800618E9B /* BluetoothManager.swift */; };
		0E22B7A92ACF7B4300618E9B /* Set+Cancellable.swift in Sources */ = {isa = PBXBuildFile; fileRef = 0E22B7A82ACF7B4300618E9B /* Set+Cancellable.swift */; };
		0E22B7AB2ACF81DE00618E9B /* StripeState.swift in Sources */ = {isa = PBXBuildFile; fileRef = 0E22B7AA2ACF81DE00618E9B /* StripeState.swift */; };
		0E22B7AD2ACF820200618E9B /* StripeData.swift in Sources */ = {isa = PBXBuildFile; fileRef = 0E22B7AC2ACF820200618E9B /* StripeData.swift */; };
/* End PBXBuildFile section */

/* Begin PBXFileReference section */
		0E22B7832ACF77CC00618E9B /* BluetoothTest.app */ = {isa = PBXFileReference; explicitFileType = wrapper.application; includeInIndex = 0; path = BluetoothTest.app; sourceTree = BUILT_PRODUCTS_DIR; };
		0E22B7862ACF77CC00618E9B /* BluetoothTestApp.swift */ = {isa = PBXFileReference; lastKnownFileType = sourcecode.swift; path = BluetoothTestApp.swift; sourceTree = "<group>"; };
		0E22B7882ACF77CC00618E9B /* ContentView.swift */ = {isa = PBXFileReference; lastKnownFileType = sourcecode.swift; path = ContentView.swift; sourceTree = "<group>"; };
		0E22B78A2ACF77CD00618E9B /* Assets.xcassets */ = {isa = PBXFileReference; lastKnownFileType = folder.assetcatalog; path = Assets.xcassets; sourceTree = "<group>"; };
		0E22B78D2ACF77CD00618E9B /* Preview Assets.xcassets */ = {isa = PBXFileReference; lastKnownFileType = folder.assetcatalog; path = "Preview Assets.xcassets"; sourceTree = "<group>"; };
		0E22B7962ACF79DD00618E9B /* MainView.swift */ = {isa = PBXFileReference; lastKnownFileType = sourcecode.swift; path = MainView.swift; sourceTree = "<group>"; };
		0E22B7982ACF7A1300618E9B /* MainViewModel.swift */ = {isa = PBXFileReference; lastKnownFileType = sourcecode.swift; path = MainViewModel.swift; sourceTree = "<group>"; };
		0E22B79B2ACF7A4F00618E9B /* DevicesView.swift */ = {isa = PBXFileReference; lastKnownFileType = sourcecode.swift; path = DevicesView.swift; sourceTree = "<group>"; };
		0E22B79D2ACF7A6F00618E9B /* DevicesViewModel.swift */ = {isa = PBXFileReference; lastKnownFileType = sourcecode.swift; path = DevicesViewModel.swift; sourceTree = "<group>"; };
		0E22B7A02ACF7AB000618E9B /* DeviceView.swift */ = {isa = PBXFileReference; lastKnownFileType = sourcecode.swift; path = DeviceView.swift; sourceTree = "<group>"; };
		0E22B7A22ACF7AD100618E9B /* DeviceViewModel.swift */ = {isa = PBXFileReference; lastKnownFileType = sourcecode.swift; path = DeviceViewModel.swift; sourceTree = "<group>"; };
		0E22B7A52ACF7B0800618E9B /* BluetoothManager.swift */ = {isa = PBXFileReference; lastKnownFileType = sourcecode.swift; path = BluetoothManager.swift; sourceTree = "<group>"; };
		0E22B7A82ACF7B4300618E9B /* Set+Cancellable.swift */ = {isa = PBXFileReference; lastKnownFileType = sourcecode.swift; path = "Set+Cancellable.swift"; sourceTree = "<group>"; };
		0E22B7AA2ACF81DE00618E9B /* StripeState.swift */ = {isa = PBXFileReference; lastKnownFileType = sourcecode.swift; path = StripeState.swift; sourceTree = "<group>"; };
		0E22B7AC2ACF820200618E9B /* StripeData.swift */ = {isa = PBXFileReference; lastKnownFileType = sourcecode.swift; path = StripeData.swift; sourceTree = "<group>"; };
/* End PBXFileReference section */

/* Begin PBXFrameworksBuildPhase section */
		0E22B7802ACF77CC00618E9B /* Frameworks */ = {
			isa = PBXFrameworksBuildPhase;
			buildActionMask = 2147483647;
			files = (
			);
			runOnlyForDeploymentPostprocessing = 0;
		};
/* End PBXFrameworksBuildPhase section */

/* Begin PBXGroup section */
		0E22B77A2ACF77CC00618E9B = {
			isa = PBXGroup;
			children = (
				0E22B7852ACF77CC00618E9B /* BluetoothTest */,
				0E22B7842ACF77CC00618E9B /* Products */,
			);
			sourceTree = "<group>";
		};
		0E22B7842ACF77CC00618E9B /* Products */ = {
			isa = PBXGroup;
			children = (
				0E22B7832ACF77CC00618E9B /* BluetoothTest.app */,
			);
			name = Products;
			sourceTree = "<group>";
		};
		0E22B7852ACF77CC00618E9B /* BluetoothTest */ = {
			isa = PBXGroup;
			children = (
				0E22B7A72ACF7B2700618E9B /* Extensions */,
				0E22B7A42ACF7AEF00618E9B /* Models */,
				0E22B7942ACF79A000618E9B /* Views */,
				0E22B7862ACF77CC00618E9B /* BluetoothTestApp.swift */,
				0E22B7882ACF77CC00618E9B /* ContentView.swift */,
				0E22B78A2ACF77CD00618E9B /* Assets.xcassets */,
				0E22B78C2ACF77CD00618E9B /* Preview Content */,
			);
			path = BluetoothTest;
			sourceTree = "<group>";
		};
		0E22B78C2ACF77CD00618E9B /* Preview Content */ = {
			isa = PBXGroup;
			children = (
				0E22B78D2ACF77CD00618E9B /* Preview Assets.xcassets */,
			);
			path = "Preview Content";
			sourceTree = "<group>";
		};
		0E22B7942ACF79A000618E9B /* Views */ = {
			isa = PBXGroup;
			children = (
				0E22B79F2ACF7A8B00618E9B /* Device */,
				0E22B79A2ACF7A3A00618E9B /* Devices */,
				0E22B7952ACF79BC00618E9B /* Main */,
			);
			path = Views;
			sourceTree = "<group>";
		};
		0E22B7952ACF79BC00618E9B /* Main */ = {
			isa = PBXGroup;
			children = (
				0E22B7962ACF79DD00618E9B /* MainView.swift */,
				0E22B7982ACF7A1300618E9B /* MainViewModel.swift */,
			);
			path = Main;
			sourceTree = "<group>";
		};
		0E22B79A2ACF7A3A00618E9B /* Devices */ = {
			isa = PBXGroup;
			children = (
				0E22B79B2ACF7A4F00618E9B /* DevicesView.swift */,
				0E22B79D2ACF7A6F00618E9B /* DevicesViewModel.swift */,
			);
			path = Devices;
			sourceTree = "<group>";
		};
		0E22B79F2ACF7A8B00618E9B /* Device */ = {
			isa = PBXGroup;
			children = (
				0E22B7A02ACF7AB000618E9B /* DeviceView.swift */,
				0E22B7A22ACF7AD100618E9B /* DeviceViewModel.swift */,
			);
			path = Device;
			sourceTree = "<group>";
		};
		0E22B7A42ACF7AEF00618E9B /* Models */ = {
			isa = PBXGroup;
			children = (
				0E22B7A52ACF7B0800618E9B /* BluetoothManager.swift */,
				0E22B7AA2ACF81DE00618E9B /* StripeState.swift */,
				0E22B7AC2ACF820200618E9B /* StripeData.swift */,
			);
			path = Models;
			sourceTree = "<group>";
		};
		0E22B7A72ACF7B2700618E9B /* Extensions */ = {
			isa = PBXGroup;
			children = (
				0E22B7A82ACF7B4300618E9B /* Set+Cancellable.swift */,
			);
			path = Extensions;
			sourceTree = "<group>";
		};
/* End PBXGroup section */

/* Begin PBXNativeTarget section */
		0E22B7822ACF77CC00618E9B /* BluetoothTest */ = {
			isa = PBXNativeTarget;
			buildConfigurationList = 0E22B7912ACF77CD00618E9B /* Build configuration list for PBXNativeTarget "BluetoothTest" */;
			buildPhases = (
				0E22B77F2ACF77CC00618E9B /* Sources */,
				0E22B7802ACF77CC00618E9B /* Frameworks */,
				0E22B7812ACF77CC00618E9B /* Resources */,
			);
			buildRules = (
			);
			dependencies = (
			);
			name = BluetoothTest;
			productName = BluetoothTest;
			productReference = 0E22B7832ACF77CC00618E9B /* BluetoothTest.app */;
			productType = "com.apple.product-type.application";
		};
/* End PBXNativeTarget section */

/* Begin PBXProject section */
		0E22B77B2ACF77CC00618E9B /* Project object */ = {
			isa = PBXProject;
			attributes = {
				BuildIndependentTargetsInParallel = 1;
				LastSwiftUpdateCheck = 1430;
				LastUpgradeCheck = 1430;
				TargetAttributes = {
					0E22B7822ACF77CC00618E9B = {
						CreatedOnToolsVersion = 14.3.1;
					};
				};
			};
			buildConfigurationList = 0E22B77E2ACF77CC00618E9B /* Build configuration list for PBXProject "BluetoothTest" */;
			compatibilityVersion = "Xcode 14.0";
			developmentRegion = en;
			hasScannedForEncodings = 0;
			knownRegions = (
				en,
				Base,
			);
			mainGroup = 0E22B77A2ACF77CC00618E9B;
			productRefGroup = 0E22B7842ACF77CC00618E9B /* Products */;
			projectDirPath = "";
			projectRoot = "";
			targets = (
				0E22B7822ACF77CC00618E9B /* BluetoothTest */,
			);
		};
/* End PBXProject section */

/* Begin PBXResourcesBuildPhase section */
		0E22B7812ACF77CC00618E9B /* Resources */ = {
			isa = PBXResourcesBuildPhase;
			buildActionMask = 2147483647;
			files = (
				0E22B78E2ACF77CD00618E9B /* Preview Assets.xcassets in Resources */,
				0E22B78B2ACF77CD00618E9B /* Assets.xcassets in Resources */,
			);
			runOnlyForDeploymentPostprocessing = 0;
		};
/* End PBXResourcesBuildPhase section */

/* Begin PBXSourcesBuildPhase section */
		0E22B77F2ACF77CC00618E9B /* Sources */ = {
			isa = PBXSourcesBuildPhase;
			buildActionMask = 2147483647;
			files = (
				0E22B7892ACF77CC00618E9B /* ContentView.swift in Sources */,
				0E22B79C2ACF7A4F00618E9B /* DevicesView.swift in Sources */,
				0E22B7972ACF79DD00618E9B /* MainView.swift in Sources */,
				0E22B7A12ACF7AB000618E9B /* DeviceView.swift in Sources */,
				0E22B7A32ACF7AD100618E9B /* DeviceViewModel.swift in Sources */,
				0E22B7A92ACF7B4300618E9B /* Set+Cancellable.swift in Sources */,
				0E22B7872ACF77CC00618E9B /* BluetoothTestApp.swift in Sources */,
				0E22B79E2ACF7A6F00618E9B /* DevicesViewModel.swift in Sources */,
				0E22B7AD2ACF820200618E9B /* StripeData.swift in Sources */,
				0E22B7A62ACF7B0800618E9B /* BluetoothManager.swift in Sources */,
				0E22B7AB2ACF81DE00618E9B /* StripeState.swift in Sources */,
				0E22B7992ACF7A1300618E9B /* MainViewModel.swift in Sources */,
			);
			runOnlyForDeploymentPostprocessing = 0;
		};
/* End PBXSourcesBuildPhase section */

/* Begin XCBuildConfiguration section */
		0E22B78F2ACF77CD00618E9B /* Debug */ = {
			isa = XCBuildConfiguration;
			buildSettings = {
				ALWAYS_SEARCH_USER_PATHS = NO;
				CLANG_ANALYZER_NONNULL = YES;
				CLANG_ANALYZER_NUMBER_OBJECT_CONVERSION = YES_AGGRESSIVE;
				CLANG_CXX_LANGUAGE_STANDARD = "gnu++20";
				CLANG_ENABLE_MODULES = YES;
				CLANG_ENABLE_OBJC_ARC = YES;
				CLANG_ENABLE_OBJC_WEAK = YES;
				CLANG_WARN_BLOCK_CAPTURE_AUTORELEASING = YES;
				CLANG_WARN_BOOL_CONVERSION = YES;
				CLANG_WARN_COMMA = YES;
				CLANG_WARN_CONSTANT_CONVERSION = YES;
				CLANG_WARN_DEPRECATED_OBJC_IMPLEMENTATIONS = YES;
				CLANG_WARN_DIRECT_OBJC_ISA_USAGE = YES_ERROR;
				CLANG_WARN_DOCUMENTATION_COMMENTS = YES;
				CLANG_WARN_EMPTY_BODY = YES;
				CLANG_WARN_ENUM_CONVERSION = YES;
				CLANG_WARN_INFINITE_RECURSION = YES;
				CLANG_WARN_INT_CONVERSION = YES;
				CLANG_WARN_NON_LITERAL_NULL_CONVERSION = YES;
				CLANG_WARN_OBJC_IMPLICIT_RETAIN_SELF = YES;
				CLANG_WARN_OBJC_LITERAL_CONVERSION = YES;
				CLANG_WARN_OBJC_ROOT_CLASS = YES_ERROR;
				CLANG_WARN_QUOTED_INCLUDE_IN_FRAMEWORK_HEADER = YES;
				CLANG_WARN_RANGE_LOOP_ANALYSIS = YES;
				CLANG_WARN_STRICT_PROTOTYPES = YES;
				CLANG_WARN_SUSPICIOUS_MOVE = YES;
				CLANG_WARN_UNGUARDED_AVAILABILITY = YES_AGGRESSIVE;
				CLANG_WARN_UNREACHABLE_CODE = YES;
				CLANG_WARN__DUPLICATE_METHOD_MATCH = YES;
				COPY_PHASE_STRIP = NO;
				DEBUG_INFORMATION_FORMAT = dwarf;
				ENABLE_STRICT_OBJC_MSGSEND = YES;
				ENABLE_TESTABILITY = YES;
				GCC_C_LANGUAGE_STANDARD = gnu11;
				GCC_DYNAMIC_NO_PIC = NO;
				GCC_NO_COMMON_BLOCKS = YES;
				GCC_OPTIMIZATION_LEVEL = 0;
				GCC_PREPROCESSOR_DEFINITIONS = (
					"DEBUG=1",
					"$(inherited)",
				);
				GCC_WARN_64_TO_32_BIT_CONVERSION = YES;
				GCC_WARN_ABOUT_RETURN_TYPE = YES_ERROR;
				GCC_WARN_UNDECLARED_SELECTOR = YES;
				GCC_WARN_UNINITIALIZED_AUTOS = YES_AGGRESSIVE;
				GCC_WARN_UNUSED_FUNCTION = YES;
				GCC_WARN_UNUSED_VARIABLE = YES;
				IPHONEOS_DEPLOYMENT_TARGET = 16.4;
				MTL_ENABLE_DEBUG_INFO = INCLUDE_SOURCE;
				MTL_FAST_MATH = YES;
				ONLY_ACTIVE_ARCH = YES;
				SDKROOT = iphoneos;
				SWIFT_ACTIVE_COMPILATION_CONDITIONS = DEBUG;
				SWIFT_OPTIMIZATION_LEVEL = "-Onone";
			};
			name = Debug;
		};
		0E22B7902ACF77CD00618E9B /* Release */ = {
			isa = XCBuildConfiguration;
			buildSettings = {
				ALWAYS_SEARCH_USER_PATHS = NO;
				CLANG_ANALYZER_NONNULL = YES;
				CLANG_ANALYZER_NUMBER_OBJECT_CONVERSION = YES_AGGRESSIVE;
				CLANG_CXX_LANGUAGE_STANDARD = "gnu++20";
				CLANG_ENABLE_MODULES = YES;
				CLANG_ENABLE_OBJC_ARC = YES;
				CLANG_ENABLE_OBJC_WEAK = YES;
				CLANG_WARN_BLOCK_CAPTURE_AUTORELEASING = YES;
				CLANG_WARN_BOOL_CONVERSION = YES;
				CLANG_WARN_COMMA = YES;
				CLANG_WARN_CONSTANT_CONVERSION = YES;
				CLANG_WARN_DEPRECATED_OBJC_IMPLEMENTATIONS = YES;
				CLANG_WARN_DIRECT_OBJC_ISA_USAGE = YES_ERROR;
				CLANG_WARN_DOCUMENTATION_COMMENTS = YES;
				CLANG_WARN_EMPTY_BODY = YES;
				CLANG_WARN_ENUM_CONVERSION = YES;
				CLANG_WARN_INFINITE_RECURSION = YES;
				CLANG_WARN_INT_CONVERSION = YES;
				CLANG_WARN_NON_LITERAL_NULL_CONVERSION = YES;
				CLANG_WARN_OBJC_IMPLICIT_RETAIN_SELF = YES;
				CLANG_WARN_OBJC_LITERAL_CONVERSION = YES;
				CLANG_WARN_OBJC_ROOT_CLASS = YES_ERROR;
				CLANG_WARN_QUOTED_INCLUDE_IN_FRAMEWORK_HEADER = YES;
				CLANG_WARN_RANGE_LOOP_ANALYSIS = YES;
				CLANG_WARN_STRICT_PROTOTYPES = YES;
				CLANG_WARN_SUSPICIOUS_MOVE = YES;
				CLANG_WARN_UNGUARDED_AVAILABILITY = YES_AGGRESSIVE;
				CLANG_WARN_UNREACHABLE_CODE = YES;
				CLANG_WARN__DUPLICATE_METHOD_MATCH = YES;
				COPY_PHASE_STRIP = NO;
				DEBUG_INFORMATION_FORMAT = "dwarf-with-dsym";
				ENABLE_NS_ASSERTIONS = NO;
				ENABLE_STRICT_OBJC_MSGSEND = YES;
				GCC_C_LANGUAGE_STANDARD = gnu11;
				GCC_NO_COMMON_BLOCKS = YES;
				GCC_WARN_64_TO_32_BIT_CONVERSION = YES;
				GCC_WARN_ABOUT_RETURN_TYPE = YES_ERROR;
				GCC_WARN_UNDECLARED_SELECTOR = YES;
				GCC_WARN_UNINITIALIZED_AUTOS = YES_AGGRESSIVE;
				GCC_WARN_UNUSED_FUNCTION = YES;
				GCC_WARN_UNUSED_VARIABLE = YES;
				IPHONEOS_DEPLOYMENT_TARGET = 16.4;
				MTL_ENABLE_DEBUG_INFO = NO;
				MTL_FAST_MATH = YES;
				SDKROOT = iphoneos;
				SWIFT_COMPILATION_MODE = wholemodule;
				SWIFT_OPTIMIZATION_LEVEL = "-O";
				VALIDATE_PRODUCT = YES;
			};
			name = Release;
		};
		0E22B7922ACF77CD00618E9B /* Debug */ = {
			isa = XCBuildConfiguration;
			buildSettings = {
				ASSETCATALOG_COMPILER_APPICON_NAME = AppIcon;
				ASSETCATALOG_COMPILER_GLOBAL_ACCENT_COLOR_NAME = AccentColor;
				CODE_SIGN_STYLE = Automatic;
				CURRENT_PROJECT_VERSION = 1;
				DEVELOPMENT_ASSET_PATHS = "\"BluetoothTest/Preview Content\"";
				DEVELOPMENT_TEAM = 6B676QFWFA;
				ENABLE_PREVIEWS = YES;
				GENERATE_INFOPLIST_FILE = YES;
				INFOPLIST_KEY_LSApplicationCategoryType = "";
				INFOPLIST_KEY_UIApplicationSceneManifest_Generation = YES;
				INFOPLIST_KEY_UIApplicationSupportsIndirectInputEvents = YES;
				INFOPLIST_KEY_UILaunchScreen_Generation = YES;
				INFOPLIST_KEY_UISupportedInterfaceOrientations_iPad = "UIInterfaceOrientationPortrait UIInterfaceOrientationPortraitUpsideDown UIInterfaceOrientationLandscapeLeft UIInterfaceOrientationLandscapeRight";
				INFOPLIST_KEY_UISupportedInterfaceOrientations_iPhone = "UIInterfaceOrientationPortrait UIInterfaceOrientationLandscapeLeft UIInterfaceOrientationLandscapeRight";
				LD_RUNPATH_SEARCH_PATHS = (
					"$(inherited)",
					"@executable_path/Frameworks",
				);
				MARKETING_VERSION = 1.0;
				PRODUCT_BUNDLE_IDENTIFIER = opencvtest.app.BluetoothTest;
				PRODUCT_NAME = "$(TARGET_NAME)";
				SWIFT_EMIT_LOC_STRINGS = YES;
				SWIFT_VERSION = 5.0;
				TARGETED_DEVICE_FAMILY = "1,2";
			};
			name = Debug;
		};
		0E22B7932ACF77CD00618E9B /* Release */ = {
			isa = XCBuildConfiguration;
			buildSettings = {
				ASSETCATALOG_COMPILER_APPICON_NAME = AppIcon;
				ASSETCATALOG_COMPILER_GLOBAL_ACCENT_COLOR_NAME = AccentColor;
				CODE_SIGN_STYLE = Automatic;
				CURRENT_PROJECT_VERSION = 1;
				DEVELOPMENT_ASSET_PATHS = "\"BluetoothTest/Preview Content\"";
				DEVELOPMENT_TEAM = 6B676QFWFA;
				ENABLE_PREVIEWS = YES;
				GENERATE_INFOPLIST_FILE = YES;
				INFOPLIST_KEY_LSApplicationCategoryType = "";
				INFOPLIST_KEY_UIApplicationSceneManifest_Generation = YES;
				INFOPLIST_KEY_UIApplicationSupportsIndirectInputEvents = YES;
				INFOPLIST_KEY_UILaunchScreen_Generation = YES;
				INFOPLIST_KEY_UISupportedInterfaceOrientations_iPad = "UIInterfaceOrientationPortrait UIInterfaceOrientationPortraitUpsideDown UIInterfaceOrientationLandscapeLeft UIInterfaceOrientationLandscapeRight";
				INFOPLIST_KEY_UISupportedInterfaceOrientations_iPhone = "UIInterfaceOrientationPortrait UIInterfaceOrientationLandscapeLeft UIInterfaceOrientationLandscapeRight";
				LD_RUNPATH_SEARCH_PATHS = (
					"$(inherited)",
					"@executable_path/Frameworks",
				);
				MARKETING_VERSION = 1.0;
				PRODUCT_BUNDLE_IDENTIFIER = opencvtest.app.BluetoothTest;
				PRODUCT_NAME = "$(TARGET_NAME)";
				SWIFT_EMIT_LOC_STRINGS = YES;
				SWIFT_VERSION = 5.0;
				TARGETED_DEVICE_FAMILY = "1,2";
			};
			name = Release;
		};
/* End XCBuildConfiguration section */

/* Begin XCConfigurationList section */
		0E22B77E2ACF77CC00618E9B /* Build configuration list for PBXProject "BluetoothTest" */ = {
			isa = XCConfigurationList;
			buildConfigurations = (
				0E22B78F2ACF77CD00618E9B /* Debug */,
				0E22B7902ACF77CD00618E9B /* Release */,
			);
			defaultConfigurationIsVisible = 0;
			defaultConfigurationName = Release;
		};
		0E22B7912ACF77CD00618E9B /* Build configuration list for PBXNativeTarget "BluetoothTest" */ = {
			isa = XCConfigurationList;
			buildConfigurations = (
				0E22B7922ACF77CD00618E9B /* Debug */,
				0E22B7932ACF77CD00618E9B /* Release */,
			);
			defaultConfigurationIsVisible = 0;
			defaultConfigurationName = Release;
		};
/* End XCConfigurationList section */
	};
	rootObject = 0E22B77B2ACF77CC00618E9B /* Project object */;
}
